{
  "name": "node-red-contrib-kuvork",
  "version": "0.0.27",
  "lockfileVersion": 1,
  "requires": true,
  "dependencies": {
    "bluelinky": {
      "version": "^7.0.1",
      "requires": {
        "got": "^9.6.0",
        "push-receiver": "^2.1.0",
        "tough-cookie": "^4.0.0",
        "url": "^0.11.0",
        "winston": "^3.3.3"
      }
    }
  }
}
